
Microsoft Visual Studio Solution File, Format Version 12.00
# Visual Studio Version 17
VisualStudioVersion = 17.0.31903.59
MinimumVisualStudioVersion = 10.0.40219.1
Project("{2150E333-8FDC-42A3-9474-1A3956D46DE8}") = "src", "src", "{3B601629-23A8-4A58-B2A6-1B221DA2E47B}"
EndProject
Project("{FAE04EC0-301F-11D3-BF4B-00C04F79EFBC}") = "TargetSistemas.Desafio", "src\TargetSistemas.Desafio\TargetSistemas.Desafio.csproj", "{2906C72B-B097-4759-A4DE-7AF390F0583F}"
EndProject
Global
	GlobalSection(SolutionConfigurationPlatforms) = preSolution
		Debug|Any CPU = Debug|Any CPU
		Release|Any CPU = Release|Any CPU
	EndGlobalSection
	GlobalSection(SolutionProperties) = preSolution
		HideSolutionNode = FALSE
	EndGlobalSection
	GlobalSection(ProjectConfigurationPlatforms) = postSolution
		{2906C72B-B097-4759-A4DE-7AF390F0583F}.Debug|Any CPU.ActiveCfg = Debug|Any CPU
		{2906C72B-B097-4759-A4DE-7AF390F0583F}.Debug|Any CPU.Build.0 = Debug|Any CPU
		{2906C72B-B097-4759-A4DE-7AF390F0583F}.Release|Any CPU.ActiveCfg = Release|Any CPU
		{2906C72B-B097-4759-A4DE-7AF390F0583F}.Release|Any CPU.Build.0 = Release|Any CPU
	EndGlobalSection
	GlobalSection(NestedProjects) = preSolution
		{2906C72B-B097-4759-A4DE-7AF390F0583F} = {3B601629-23A8-4A58-B2A6-1B221DA2E47B}
	EndGlobalSection
EndGlobal
